
Microsoft Visual Studio Solution File, Format Version 12.00
# Visual Studio Version 16
VisualStudioVersion = 16.0.29324.140
MinimumVisualStudioVersion = 10.0.40219.1
Project("{FAE04EC0-301F-11D3-BF4B-00C04F79EFBC}") = "Actividad1", "Actividad1\Actividad1.csproj", "{EE6AE5FE-1275-4DB3-B79B-82A6B89FA2C5}"
EndProject
Global
	GlobalSection(SolutionConfigurationPlatforms) = preSolution
		Debug|Any CPU = Debug|Any CPU
		Release|Any CPU = Release|Any CPU
	EndGlobalSection
	GlobalSection(ProjectConfigurationPlatforms) = postSolution
		{EE6AE5FE-1275-4DB3-B79B-82A6B89FA2C5}.Debug|Any CPU.ActiveCfg = Debug|Any CPU
		{EE6AE5FE-1275-4DB3-B79B-82A6B89FA2C5}.Debug|Any CPU.Build.0 = Debug|Any CPU
		{EE6AE5FE-1275-4DB3-B79B-82A6B89FA2C5}.Release|Any CPU.ActiveCfg = Release|Any CPU
		{EE6AE5FE-1275-4DB3-B79B-82A6B89FA2C5}.Release|Any CPU.Build.0 = Release|Any CPU
	EndGlobalSection
	GlobalSection(SolutionProperties) = preSolution
		HideSolutionNode = FALSE
	EndGlobalSection
	GlobalSection(ExtensibilityGlobals) = postSolution
		SolutionGuid = {2DD57646-9B82-4284-A624-DE5A77E557E7}
	EndGlobalSection
EndGlobal
